// !$*UTF8*$!
{
	archiveVersion = 1;
	classes = {
	};
	objectVersion = 46;
	objects = {

/* Begin PBXBuildFile section */
		654922C81F7D97B300C43C0D /* AppDelegate.swift in Sources */ = {isa = PBXBuildFile; fileRef = 654922C71F7D97B300C43C0D /* AppDelegate.swift */; };
		654922CA1F7D97B300C43C0D /* ViewController.swift in Sources */ = {isa = PBXBuildFile; fileRef = 654922C91F7D97B300C43C0D /* ViewController.swift */; };
		654922CD1F7D97B300C43C0D /* Main.storyboard in Resources */ = {isa = PBXBuildFile; fileRef = 654922CB1F7D97B300C43C0D /* Main.storyboard */; };
		654922CF1F7D97B300C43C0D /* Assets.xcassets in Resources */ = {isa = PBXBuildFile; fileRef = 654922CE1F7D97B300C43C0D /* Assets.xcassets */; };
		654922D21F7D97B300C43C0D /* LaunchScreen.storyboard in Resources */ = {isa = PBXBuildFile; fileRef = 654922D01F7D97B300C43C0D /* LaunchScreen.storyboard */; };
		654922E11F7D9BAA00C43C0D /* camelo.png in Resources */ = {isa = PBXBuildFile; fileRef = 654922DA1F7D9BAA00C43C0D /* camelo.png */; };
		654922E21F7D9BAB00C43C0D /* front.png in Resources */ = {isa = PBXBuildFile; fileRef = 654922DB1F7D9BAA00C43C0D /* front.png */; };
		654922E31F7D9BAB00C43C0D /* gato.png in Resources */ = {isa = PBXBuildFile; fileRef = 654922DC1F7D9BAA00C43C0D /* gato.png */; };
		654922E41F7D9BAB00C43C0D /* porco.png in Resources */ = {isa = PBXBuildFile; fileRef = 654922DD1F7D9BAA00C43C0D /* porco.png */; };
		654922E51F7D9BAB00C43C0D /* rato.png in Resources */ = {isa = PBXBuildFile; fileRef = 654922DE1F7D9BAA00C43C0D /* rato.png */; };
		654922E61F7D9BAB00C43C0D /* touro.png in Resources */ = {isa = PBXBuildFile; fileRef = 654922DF1F7D9BAA00C43C0D /* touro.png */; };
		654922E71F7D9BAB00C43C0D /* vaca.png in Resources */ = {isa = PBXBuildFile; fileRef = 654922E01F7D9BAA00C43C0D /* vaca.png */; };
		655C36171F8169B8001C0A55 /* ViewController2.swift in Sources */ = {isa = PBXBuildFile; fileRef = 655C36161F8169B8001C0A55 /* ViewController2.swift */; };
		655C36191F819900001C0A55 /* botao.png in Resources */ = {isa = PBXBuildFile; fileRef = 655C36181F819900001C0A55 /* botao.png */; };
		655C361C1F81991B001C0A55 /* jeumemoire.png in Resources */ = {isa = PBXBuildFile; fileRef = 655C361A1F81991B001C0A55 /* jeumemoire.png */; };
		655C361D1F81991B001C0A55 /* jeumemoireback.png in Resources */ = {isa = PBXBuildFile; fileRef = 655C361B1F81991B001C0A55 /* jeumemoireback.png */; };
		655C36211F81B657001C0A55 /* medaille.png in Resources */ = {isa = PBXBuildFile; fileRef = 655C36201F81B657001C0A55 /* medaille.png */; };
		655C36231F81B830001C0A55 /* Reset.png in Resources */ = {isa = PBXBuildFile; fileRef = 655C36221F81B830001C0A55 /* Reset.png */; };
/* End PBXBuildFile section */

/* Begin PBXFileReference section */
		654922C41F7D97B300C43C0D /* jeuMemoire.app */ = {isa = PBXFileReference; explicitFileType = wrapper.application; includeInIndex = 0; path = jeuMemoire.app; sourceTree = BUILT_PRODUCTS_DIR; };
		654922C71F7D97B300C43C0D /* AppDelegate.swift */ = {isa = PBXFileReference; lastKnownFileType = sourcecode.swift; path = AppDelegate.swift; sourceTree = "<group>"; };
		654922C91F7D97B300C43C0D /* ViewController.swift */ = {isa = PBXFileReference; lastKnownFileType = sourcecode.swift; path = ViewController.swift; sourceTree = "<group>"; };
		654922CC1F7D97B300C43C0D /* Base */ = {isa = PBXFileReference; lastKnownFileType = file.storyboard; name = Base; path = Base.lproj/Main.storyboard; sourceTree = "<group>"; };
		654922CE1F7D97B300C43C0D /* Assets.xcassets */ = {isa = PBXFileReference; lastKnownFileType = folder.assetcatalog; path = Assets.xcassets; sourceTree = "<group>"; };
		654922D11F7D97B300C43C0D /* Base */ = {isa = PBXFileReference; lastKnownFileType = file.storyboard; name = Base; path = Base.lproj/LaunchScreen.storyboard; sourceTree = "<group>"; };
		654922D31F7D97B300C43C0D /* Info.plist */ = {isa = PBXFileReference; lastKnownFileType = text.plist.xml; path = Info.plist; sourceTree = "<group>"; };
		654922DA1F7D9BAA00C43C0D /* camelo.png */ = {isa = PBXFileReference; lastKnownFileType = image.png; name = camelo.png; path = images/camelo.png; sourceTree = "<group>"; };
		654922DB1F7D9BAA00C43C0D /* front.png */ = {isa = PBXFileReference; lastKnownFileType = image.png; name = front.png; path = images/front.png; sourceTree = "<group>"; };
		654922DC1F7D9BAA00C43C0D /* gato.png */ = {isa = PBXFileReference; lastKnownFileType = image.png; name = gato.png; path = images/gato.png; sourceTree = "<group>"; };
		654922DD1F7D9BAA00C43C0D /* porco.png */ = {isa = PBXFileReference; lastKnownFileType = image.png; name = porco.png; path = images/porco.png; sourceTree = "<group>"; };
		654922DE1F7D9BAA00C43C0D /* rato.png */ = {isa = PBXFileReference; lastKnownFileType = image.png; name = rato.png; path = images/rato.png; sourceTree = "<group>"; };
		654922DF1F7D9BAA00C43C0D /* touro.png */ = {isa = PBXFileReference; lastKnownFileType = image.png; name = touro.png; path = images/touro.png; sourceTree = "<group>"; };
		654922E01F7D9BAA00C43C0D /* vaca.png */ = {isa = PBXFileReference; lastKnownFileType = image.png; name = vaca.png; path = images/vaca.png; sourceTree = "<group>"; };
		655C36161F8169B8001C0A55 /* ViewController2.swift */ = {isa = PBXFileReference; fileEncoding = 4; lastKnownFileType = sourcecode.swift; path = ViewController2.swift; sourceTree = "<group>"; };
		655C36181F819900001C0A55 /* botao.png */ = {isa = PBXFileReference; lastKnownFileType = image.png; name = botao.png; path = images/botao.png; sourceTree = "<group>"; };
		655C361A1F81991B001C0A55 /* jeumemoire.png */ = {isa = PBXFileReference; lastKnownFileType = image.png; name = jeumemoire.png; path = images/jeumemoire.png; sourceTree = "<group>"; };
		655C361B1F81991B001C0A55 /* jeumemoireback.png */ = {isa = PBXFileReference; lastKnownFileType = image.png; name = jeumemoireback.png; path = images/jeumemoireback.png; sourceTree = "<group>"; };
		655C36201F81B657001C0A55 /* medaille.png */ = {isa = PBXFileReference; lastKnownFileType = image.png; name = medaille.png; path = images/medaille.png; sourceTree = "<group>"; };
		655C36221F81B830001C0A55 /* Reset.png */ = {isa = PBXFileReference; lastKnownFileType = image.png; name = Reset.png; path = images/Reset.png; sourceTree = "<group>"; };
/* End PBXFileReference section */

/* Begin PBXFrameworksBuildPhase section */
		654922C11F7D97B300C43C0D /* Frameworks */ = {
			isa = PBXFrameworksBuildPhase;
			buildActionMask = 2147483647;
			files = (
			);
			runOnlyForDeploymentPostprocessing = 0;
		};
/* End PBXFrameworksBuildPhase section */

/* Begin PBXGroup section */
		654922BB1F7D97B200C43C0D = {
			isa = PBXGroup;
			children = (
				654922C61F7D97B300C43C0D /* jeuMemoire */,
				654922C51F7D97B300C43C0D /* Products */,
			);
			sourceTree = "<group>";
		};
		654922C51F7D97B300C43C0D /* Products */ = {
			isa = PBXGroup;
			children = (
				654922C41F7D97B300C43C0D /* jeuMemoire.app */,
			);
			name = Products;
			sourceTree = "<group>";
		};
		654922C61F7D97B300C43C0D /* jeuMemoire */ = {
			isa = PBXGroup;
			children = (
				654922D91F7D993900C43C0D /* Images */,
				654922C71F7D97B300C43C0D /* AppDelegate.swift */,
				654922C91F7D97B300C43C0D /* ViewController.swift */,
				654922CB1F7D97B300C43C0D /* Main.storyboard */,
				655C36161F8169B8001C0A55 /* ViewController2.swift */,
				654922CE1F7D97B300C43C0D /* Assets.xcassets */,
				654922D01F7D97B300C43C0D /* LaunchScreen.storyboard */,
				654922D31F7D97B300C43C0D /* Info.plist */,
			);
			path = jeuMemoire;
			sourceTree = "<group>";
		};
		654922D91F7D993900C43C0D /* Images */ = {
			isa = PBXGroup;
			children = (
				655C36221F81B830001C0A55 /* Reset.png */,
				655C36201F81B657001C0A55 /* medaille.png */,
				655C361A1F81991B001C0A55 /* jeumemoire.png */,
				655C361B1F81991B001C0A55 /* jeumemoireback.png */,
				655C36181F819900001C0A55 /* botao.png */,
				654922DA1F7D9BAA00C43C0D /* camelo.png */,
				654922DB1F7D9BAA00C43C0D /* front.png */,
				654922DC1F7D9BAA00C43C0D /* gato.png */,
				654922DD1F7D9BAA00C43C0D /* porco.png */,
				654922DE1F7D9BAA00C43C0D /* rato.png */,
				654922DF1F7D9BAA00C43C0D /* touro.png */,
				654922E01F7D9BAA00C43C0D /* vaca.png */,
			);
			name = Images;
			sourceTree = "<group>";
		};
/* End PBXGroup section */

/* Begin PBXNativeTarget section */
		654922C31F7D97B300C43C0D /* jeuMemoire */ = {
			isa = PBXNativeTarget;
			buildConfigurationList = 654922D61F7D97B300C43C0D /* Build configuration list for PBXNativeTarget "jeuMemoire" */;
			buildPhases = (
				654922C01F7D97B300C43C0D /* Sources */,
				654922C11F7D97B300C43C0D /* Frameworks */,
				654922C21F7D97B300C43C0D /* Resources */,
			);
			buildRules = (
			);
			dependencies = (
			);
			name = jeuMemoire;
			productName = jeuMemoire;
			productReference = 654922C41F7D97B300C43C0D /* jeuMemoire.app */;
			productType = "com.apple.product-type.application";
		};
/* End PBXNativeTarget section */

/* Begin PBXProject section */
		654922BC1F7D97B200C43C0D /* Project object */ = {
			isa = PBXProject;
			attributes = {
				LastSwiftUpdateCheck = 0830;
				LastUpgradeCheck = 0830;
				ORGANIZATIONNAME = "Andre Cruz";
				TargetAttributes = {
					654922C31F7D97B300C43C0D = {
						CreatedOnToolsVersion = 8.3.3;
						ProvisioningStyle = Automatic;
					};
				};
			};
			buildConfigurationList = 654922BF1F7D97B300C43C0D /* Build configuration list for PBXProject "jeuMemoire" */;
			compatibilityVersion = "Xcode 3.2";
			developmentRegion = English;
			hasScannedForEncodings = 0;
			knownRegions = (
				en,
				Base,
			);
			mainGroup = 654922BB1F7D97B200C43C0D;
			productRefGroup = 654922C51F7D97B300C43C0D /* Products */;
			projectDirPath = "";
			projectRoot = "";
			targets = (
				654922C31F7D97B300C43C0D /* jeuMemoire */,
			);
		};
/* End PBXProject section */

/* Begin PBXResourcesBuildPhase section */
		654922C21F7D97B300C43C0D /* Resources */ = {
			isa = PBXResourcesBuildPhase;
			buildActionMask = 2147483647;
			files = (
				654922D21F7D97B300C43C0D /* LaunchScreen.storyboard in Resources */,
				654922E51F7D9BAB00C43C0D /* rato.png in Resources */,
				655C361C1F81991B001C0A55 /* jeumemoire.png in Resources */,
				655C36191F819900001C0A55 /* botao.png in Resources */,
				655C36211F81B657001C0A55 /* medaille.png in Resources */,
				654922CF1F7D97B300C43C0D /* Assets.xcassets in Resources */,
				655C361D1F81991B001C0A55 /* jeumemoireback.png in Resources */,
				654922E31F7D9BAB00C43C0D /* gato.png in Resources */,
				655C36231F81B830001C0A55 /* Reset.png in Resources */,
				654922E11F7D9BAA00C43C0D /* camelo.png in Resources */,
				654922E21F7D9BAB00C43C0D /* front.png in Resources */,
				654922E71F7D9BAB00C43C0D /* vaca.png in Resources */,
				654922E41F7D9BAB00C43C0D /* porco.png in Resources */,
				654922CD1F7D97B300C43C0D /* Main.storyboard in Resources */,
				654922E61F7D9BAB00C43C0D /* touro.png in Resources */,
			);
			runOnlyForDeploymentPostprocessing = 0;
		};
/* End PBXResourcesBuildPhase section */

/* Begin PBXSourcesBuildPhase section */
		654922C01F7D97B300C43C0D /* Sources */ = {
			isa = PBXSourcesBuildPhase;
			buildActionMask = 2147483647;
			files = (
				654922CA1F7D97B300C43C0D /* ViewController.swift in Sources */,
				654922C81F7D97B300C43C0D /* AppDelegate.swift in Sources */,
				655C36171F8169B8001C0A55 /* ViewController2.swift in Sources */,
			);
			runOnlyForDeploymentPostprocessing = 0;
		};
/* End PBXSourcesBuildPhase section */

/* Begin PBXVariantGroup section */
		654922CB1F7D97B300C43C0D /* Main.storyboard */ = {
			isa = PBXVariantGroup;
			children = (
				654922CC1F7D97B300C43C0D /* Base */,
			);
			name = Main.storyboard;
			sourceTree = "<group>";
		};
		654922D01F7D97B300C43C0D /* LaunchScreen.storyboard */ = {
			isa = PBXVariantGroup;
			children = (
				654922D11F7D97B300C43C0D /* Base */,
			);
			name = LaunchScreen.storyboard;
			sourceTree = "<group>";
		};
/* End PBXVariantGroup section */

/* Begin XCBuildConfiguration section */
		654922D41F7D97B300C43C0D /* Debug */ = {
			isa = XCBuildConfiguration;
			buildSettings = {
				ALWAYS_SEARCH_USER_PATHS = NO;
				CLANG_ANALYZER_NONNULL = YES;
				CLANG_ANALYZER_NUMBER_OBJECT_CONVERSION = YES_AGGRESSIVE;
				CLANG_CXX_LANGUAGE_STANDARD = "gnu++0x";
				CLANG_CXX_LIBRARY = "libc++";
				CLANG_ENABLE_MODULES = YES;
				CLANG_ENABLE_OBJC_ARC = YES;
				CLANG_WARN_BOOL_CONVERSION = YES;
				CLANG_WARN_CONSTANT_CONVERSION = YES;
				CLANG_WARN_DIRECT_OBJC_ISA_USAGE = YES_ERROR;
				CLANG_WARN_DOCUMENTATION_COMMENTS = YES;
				CLANG_WARN_EMPTY_BODY = YES;
				CLANG_WARN_ENUM_CONVERSION = YES;
				CLANG_WARN_INFINITE_RECURSION = YES;
				CLANG_WARN_INT_CONVERSION = YES;
				CLANG_WARN_OBJC_ROOT_CLASS = YES_ERROR;
				CLANG_WARN_SUSPICIOUS_MOVE = YES;
				CLANG_WARN_UNREACHABLE_CODE = YES;
				CLANG_WARN__DUPLICATE_METHOD_MATCH = YES;
				"CODE_SIGN_IDENTITY[sdk=iphoneos*]" = "iPhone Developer";
				COPY_PHASE_STRIP = NO;
				DEBUG_INFORMATION_FORMAT = dwarf;
				ENABLE_STRICT_OBJC_MSGSEND = YES;
				ENABLE_TESTABILITY = YES;
				GCC_C_LANGUAGE_STANDARD = gnu99;
				GCC_DYNAMIC_NO_PIC = NO;
				GCC_NO_COMMON_BLOCKS = YES;
				GCC_OPTIMIZATION_LEVEL = 0;
				GCC_PREPROCESSOR_DEFINITIONS = (
					"DEBUG=1",
					"$(inherited)",
				);
				GCC_WARN_64_TO_32_BIT_CONVERSION = YES;
				GCC_WARN_ABOUT_RETURN_TYPE = YES_ERROR;
				GCC_WARN_UNDECLARED_SELECTOR = YES;
				GCC_WARN_UNINITIALIZED_AUTOS = YES_AGGRESSIVE;
				GCC_WARN_UNUSED_FUNCTION = YES;
				GCC_WARN_UNUSED_VARIABLE = YES;
				IPHONEOS_DEPLOYMENT_TARGET = 10.3;
				MTL_ENABLE_DEBUG_INFO = YES;
				ONLY_ACTIVE_ARCH = YES;
				SDKROOT = iphoneos;
				SWIFT_ACTIVE_COMPILATION_CONDITIONS = DEBUG;
				SWIFT_OPTIMIZATION_LEVEL = "-Onone";
				TARGETED_DEVICE_FAMILY = 2;
			};
			name = Debug;
		};
		654922D51F7D97B300C43C0D /* Release */ = {
			isa = XCBuildConfiguration;
			buildSettings = {
				ALWAYS_SEARCH_USER_PATHS = NO;
				CLANG_ANALYZER_NONNULL = YES;
				CLANG_ANALYZER_NUMBER_OBJECT_CONVERSION = YES_AGGRESSIVE;
				CLANG_CXX_LANGUAGE_STANDARD = "gnu++0x";
				CLANG_CXX_LIBRARY = "libc++";
				CLANG_ENABLE_MODULES = YES;
				CLANG_ENABLE_OBJC_ARC = YES;
				CLANG_WARN_BOOL_CONVERSION = YES;
				CLANG_WARN_CONSTANT_CONVERSION = YES;
				CLANG_WARN_DIRECT_OBJC_ISA_USAGE = YES_ERROR;
				CLANG_WARN_DOCUMENTATION_COMMENTS = YES;
				CLANG_WARN_EMPTY_BODY = YES;
				CLANG_WARN_ENUM_CONVERSION = YES;
				CLANG_WARN_INFINITE_RECURSION = YES;
				CLANG_WARN_INT_CONVERSION = YES;
				CLANG_WARN_OBJC_ROOT_CLASS = YES_ERROR;
				CLANG_WARN_SUSPICIOUS_MOVE = YES;
				CLANG_WARN_UNREACHABLE_CODE = YES;
				CLANG_WARN__DUPLICATE_METHOD_MATCH = YES;
				"CODE_SIGN_IDENTITY[sdk=iphoneos*]" = "iPhone Developer";
				COPY_PHASE_STRIP = NO;
				DEBUG_INFORMATION_FORMAT = "dwarf-with-dsym";
				ENABLE_NS_ASSERTIONS = NO;
				ENABLE_STRICT_OBJC_MSGSEND = YES;
				GCC_C_LANGUAGE_STANDARD = gnu99;
				GCC_NO_COMMON_BLOCKS = YES;
				GCC_WARN_64_TO_32_BIT_CONVERSION = YES;
				GCC_WARN_ABOUT_RETURN_TYPE = YES_ERROR;
				GCC_WARN_UNDECLARED_SELECTOR = YES;
				GCC_WARN_UNINITIALIZED_AUTOS = YES_AGGRESSIVE;
				GCC_WARN_UNUSED_FUNCTION = YES;
				GCC_WARN_UNUSED_VARIABLE = YES;
				IPHONEOS_DEPLOYMENT_TARGET = 10.3;
				MTL_ENABLE_DEBUG_INFO = NO;
				SDKROOT = iphoneos;
				SWIFT_OPTIMIZATION_LEVEL = "-Owholemodule";
				TARGETED_DEVICE_FAMILY = 2;
				VALIDATE_PRODUCT = YES;
			};
			name = Release;
		};
		654922D71F7D97B300C43C0D /* Debug */ = {
			isa = XCBuildConfiguration;
			buildSettings = {
				ASSETCATALOG_COMPILER_APPICON_NAME = AppIcon;
				INFOPLIST_FILE = jeuMemoire/Info.plist;
				LD_RUNPATH_SEARCH_PATHS = "$(inherited) @executable_path/Frameworks";
				PRODUCT_BUNDLE_IDENTIFIER = alspc.jeuMemoire;
				PRODUCT_NAME = "$(TARGET_NAME)";
				SWIFT_VERSION = 3.0;
			};
			name = Debug;
		};
		654922D81F7D97B300C43C0D /* Release */ = {
			isa = XCBuildConfiguration;
			buildSettings = {
				ASSETCATALOG_COMPILER_APPICON_NAME = AppIcon;
				INFOPLIST_FILE = jeuMemoire/Info.plist;
				LD_RUNPATH_SEARCH_PATHS = "$(inherited) @executable_path/Frameworks";
				PRODUCT_BUNDLE_IDENTIFIER = alspc.jeuMemoire;
				PRODUCT_NAME = "$(TARGET_NAME)";
				SWIFT_VERSION = 3.0;
			};
			name = Release;
		};
/* End XCBuildConfiguration section */

/* Begin XCConfigurationList section */
		654922BF1F7D97B300C43C0D /* Build configuration list for PBXProject "jeuMemoire" */ = {
			isa = XCConfigurationList;
			buildConfigurations = (
				654922D41F7D97B300C43C0D /* Debug */,
				654922D51F7D97B300C43C0D /* Release */,
			);
			defaultConfigurationIsVisible = 0;
			defaultConfigurationName = Release;
		};
		654922D61F7D97B300C43C0D /* Build configuration list for PBXNativeTarget "jeuMemoire" */ = {
			isa = XCConfigurationList;
			buildConfigurations = (
				654922D71F7D97B300C43C0D /* Debug */,
				654922D81F7D97B300C43C0D /* Release */,
			);
			defaultConfigurationIsVisible = 0;
			defaultConfigurationName = Release;
		};
/* End XCConfigurationList section */
	};
	rootObject = 654922BC1F7D97B200C43C0D /* Project object */;
}
